
Microsoft Visual Studio Solution File, Format Version 12.00
# Visual Studio 15
Project("{FAE04EC0-301F-11D3-BF4B-00C04F79EFBC}") = "Assembly-CSharp-Editor", "Assembly-CSharp-Editor.csproj", "{0D3B3708-4D79-289E-9917-39E707F2DA2A}"
EndProject
Project("{FAE04EC0-301F-11D3-BF4B-00C04F79EFBC}") = "Assembly-CSharp", "Assembly-CSharp.csproj", "{33EE4448-3674-E860-4D53-DB3E3B5FC7DA}"
EndProject
Global
	GlobalSection(SolutionConfigurationPlatforms) = preSolution
		Debug|Any CPU = Debug|Any CPU
		Release|Any CPU = Release|Any CPU
	EndGlobalSection
	GlobalSection(ProjectConfigurationPlatforms) = postSolution
		{0D3B3708-4D79-289E-9917-39E707F2DA2A}.Debug|Any CPU.ActiveCfg = Debug|Any CPU
		{0D3B3708-4D79-289E-9917-39E707F2DA2A}.Debug|Any CPU.Build.0 = Debug|Any CPU
		{0D3B3708-4D79-289E-9917-39E707F2DA2A}.Release|Any CPU.ActiveCfg = Release|Any CPU
		{0D3B3708-4D79-289E-9917-39E707F2DA2A}.Release|Any CPU.Build.0 = Release|Any CPU
		{33EE4448-3674-E860-4D53-DB3E3B5FC7DA}.Debug|Any CPU.ActiveCfg = Debug|Any CPU
		{33EE4448-3674-E860-4D53-DB3E3B5FC7DA}.Debug|Any CPU.Build.0 = Debug|Any CPU
		{33EE4448-3674-E860-4D53-DB3E3B5FC7DA}.Release|Any CPU.ActiveCfg = Release|Any CPU
		{33EE4448-3674-E860-4D53-DB3E3B5FC7DA}.Release|Any CPU.Build.0 = Release|Any CPU
	EndGlobalSection
	GlobalSection(SolutionProperties) = preSolution
		HideSolutionNode = FALSE
	EndGlobalSection
EndGlobal
